<?xml version="1.0" encoding="utf-8"?>
<Project ToolsVersion="4.0" xmlns="http://schemas.microsoft.com/developer/msbuild/2003">
  <ItemGroup>
    <Filter Include="Source Files">
      <UniqueIdentifier>{4FC737F1-C7A5-4376-A066-2A32D752A2FF}</UniqueIdentifier>
      <Extensions>cpp;c;cc;cxx;def;odl;idl;hpj;bat;asm;asmx</Extensions>
    </Filter>
    <Filter Include="Device">
      <UniqueIdentifier>{237afe8b-094b-4f5a-915a-052be2bfd458}</UniqueIdentifier>
    </Filter>
    <Filter Include="Device\OpenGL">
      <UniqueIdentifier>{5ed87e3a-f485-4845-bb9b-dccad9cb8c60}</UniqueIdentifier>
    </Filter>
    <Filter Include="Log">
      <UniqueIdentifier>{6336bca8-a86a-4b5b-b948-a297626a7837}</UniqueIdentifier>
    </Filter>
    <Filter Include="Global">
      <UniqueIdentifier>{161c7e26-1658-4275-a9b6-746824c0fab4}</UniqueIdentifier>
    </Filter>
    <Filter Include="Render">
      <UniqueIdentifier>{eac9c1fe-3d64-438d-b1ac-3b6a969ec881}</UniqueIdentifier>
    </Filter>
    <Filter Include="Utility">
      <UniqueIdentifier>{7da214cd-ce7a-4519-975d-1749d4df3530}</UniqueIdentifier>
    </Filter>
    <Filter Include="Client">
      <UniqueIdentifier>{9d97060d-1214-4ca4-b3cf-324c76f03b95}</UniqueIdentifier>
    </Filter>
  </ItemGroup>
  <ItemGroup>
    <ClCompile Include="..\..\Src\main.cpp">
      <Filter>Source Files</Filter>
    </ClCompile>
    <ClCompile Include="..\..\Src\glad\src\glad.c">
      <Filter>Device\OpenGL</Filter>
    </ClCompile>
    <ClCompile Include="..\..\Src\log.cpp">
      <Filter>Log</Filter>
    </ClCompile>
    <ClCompile Include="..\..\Src\OpenGLDevice.cpp">
      <Filter>Device\OpenGL</Filter>
    </ClCompile>
    <ClCompile Include="..\..\Src\DeviceFactory.cpp">
      <Filter>Device</Filter>
    </ClCompile>
    <ClCompile Include="..\..\Src\Client.cpp">
      <Filter>Client</Filter>
    </ClCompile>
  </ItemGroup>
  <ItemGroup>
    <ClInclude Include="..\..\Src\const.h">
      <Filter>Global</Filter>
    </ClInclude>
    <ClInclude Include="..\..\Src\log.h">
      <Filter>Log</Filter>
    </ClInclude>
    <ClInclude Include="..\..\Src\IDevice.h">
      <Filter>Device</Filter>
    </ClInclude>
    <ClInclude Include="..\..\Src\OpenGLDevice.h">
      <Filter>Device\OpenGL</Filter>
    </ClInclude>
    <ClInclude Include="..\..\Src\global.h">
      <Filter>Global</Filter>
    </ClInclude>
    <ClInclude Include="..\..\Src\DeviceFactory.h">
      <Filter>Device</Filter>
    </ClInclude>
    <ClInclude Include="..\..\Src\Client.h">
      <Filter>Client</Filter>
    </ClInclude>
  </ItemGroup>
</Project>