<?xml version="1.0" encoding="utf-8"?>
<Project ToolsVersion="4.0" xmlns="http://schemas.microsoft.com/developer/msbuild/2003">
  <ItemGroup>
    <Filter Include="Source Files">
      <UniqueIdentifier>{4FC737F1-C7A5-4376-A066-2A32D752A2FF}</UniqueIdentifier>
      <Extensions>cpp;c;cc;cxx;def;odl;idl;hpj;bat;asm;asmx</Extensions>
    </Filter>
    <Filter Include="Device">
      <UniqueIdentifier>{237afe8b-094b-4f5a-915a-052be2bfd458}</UniqueIdentifier>
    </Filter>
    <Filter Include="Device\OpenGL">
      <UniqueIdentifier>{5ed87e3a-f485-4845-bb9b-dccad9cb8c60}</UniqueIdentifier>
    </Filter>
    <Filter Include="Global">
      <UniqueIdentifier>{161c7e26-1658-4275-a9b6-746824c0fab4}</UniqueIdentifier>
    </Filter>
    <Filter Include="Render">
      <UniqueIdentifier>{eac9c1fe-3d64-438d-b1ac-3b6a969ec881}</UniqueIdentifier>
    </Filter>
    <Filter Include="Utility">
      <UniqueIdentifier>{7da214cd-ce7a-4519-975d-1749d4df3530}</UniqueIdentifier>
    </Filter>
    <Filter Include="Client">
      <UniqueIdentifier>{9d97060d-1214-4ca4-b3cf-324c76f03b95}</UniqueIdentifier>
    </Filter>
    <Filter Include="Render\Renderer">
      <UniqueIdentifier>{e249bf5a-a827-4aab-a79d-a9e368f58a77}</UniqueIdentifier>
    </Filter>
    <Filter Include="Render\Material">
      <UniqueIdentifier>{5e2e24ea-cd0d-4a90-bf4c-ee50af8887bd}</UniqueIdentifier>
    </Filter>
    <Filter Include="Render\Pipeline">
      <UniqueIdentifier>{752b1d7d-ecbf-4d9f-acc7-afc2ef243d9b}</UniqueIdentifier>
    </Filter>
    <Filter Include="Device\DirectX">
      <UniqueIdentifier>{03c4afd0-4a40-4454-876a-0687d811098a}</UniqueIdentifier>
    </Filter>
    <Filter Include="World">
      <UniqueIdentifier>{21dda89a-bed2-458b-983c-8cb60df0805c}</UniqueIdentifier>
    </Filter>
    <Filter Include="World\Camera">
      <UniqueIdentifier>{4a996a89-a633-493c-bf93-f14a8e8abd4f}</UniqueIdentifier>
    </Filter>
    <Filter Include="World\World">
      <UniqueIdentifier>{d87655fb-152b-4c5e-b82c-f5a8b85164df}</UniqueIdentifier>
    </Filter>
    <Filter Include="Device\Common">
      <UniqueIdentifier>{4bb87ca3-9cdd-46f1-9dd1-3990e00a1537}</UniqueIdentifier>
    </Filter>
    <Filter Include="Utility\File">
      <UniqueIdentifier>{0bb030a4-7a7e-450e-b21d-04ba09abb35d}</UniqueIdentifier>
    </Filter>
    <Filter Include="World\Light">
      <UniqueIdentifier>{9af75319-fc71-4ef2-83bf-338b66f61193}</UniqueIdentifier>
    </Filter>
    <Filter Include="World\Mesh">
      <UniqueIdentifier>{2e7b0b11-cf5c-4b12-8f4a-8d8b876b1bf0}</UniqueIdentifier>
    </Filter>
    <Filter Include="World\SceneObject">
      <UniqueIdentifier>{fdb50e56-afa3-47bc-b986-c25ea4b3b7bd}</UniqueIdentifier>
    </Filter>
    <Filter Include="World\Level">
      <UniqueIdentifier>{d4a24ffe-9a04-488e-be36-76a128ba4640}</UniqueIdentifier>
    </Filter>
    <Filter Include="World\Component">
      <UniqueIdentifier>{8ecc1888-2f9d-4312-97df-6979b6bf47cb}</UniqueIdentifier>
    </Filter>
    <Filter Include="Render\Context">
      <UniqueIdentifier>{1d8d50ae-ce4c-45ed-8c66-45b62b7bcdfe}</UniqueIdentifier>
    </Filter>
    <Filter Include="Utility\Log">
      <UniqueIdentifier>{6336bca8-a86a-4b5b-b948-a297626a7837}</UniqueIdentifier>
    </Filter>
    <Filter Include="Utility\Time">
      <UniqueIdentifier>{b7270f03-416d-4870-81e2-964a70fe0952}</UniqueIdentifier>
    </Filter>
  </ItemGroup>
  <ItemGroup>
    <ClCompile Include="..\..\Src\main.cpp">
      <Filter>Source Files</Filter>
    </ClCompile>
    <ClCompile Include="..\..\Src\glad\src\glad.c">
      <Filter>Device\OpenGL</Filter>
    </ClCompile>
    <ClCompile Include="..\..\Src\log.cpp">
      <Filter>Utility\Log</Filter>
    </ClCompile>
    <ClCompile Include="..\..\Src\OpenGLDevice.cpp">
      <Filter>Device\OpenGL</Filter>
    </ClCompile>
    <ClCompile Include="..\..\Src\Client.cpp">
      <Filter>Client</Filter>
    </ClCompile>
    <ClCompile Include="..\..\Src\RendererFactory.cpp">
      <Filter>Render\Renderer</Filter>
    </ClCompile>
    <ClCompile Include="..\..\Src\OpenGLProgram.cpp">
      <Filter>Device\OpenGL</Filter>
    </ClCompile>
    <ClCompile Include="..\..\Src\global.cpp">
      <Filter>Global</Filter>
    </ClCompile>
    <ClCompile Include="..\..\Src\OpenGLTexture.cpp">
      <Filter>Device\OpenGL</Filter>
    </ClCompile>
    <ClCompile Include="..\..\Src\Mesh.cpp">
      <Filter>World\Mesh</Filter>
    </ClCompile>
    <ClCompile Include="..\..\Src\Camera.cpp">
      <Filter>World\Camera</Filter>
    </ClCompile>
    <ClCompile Include="..\..\Src\GameWorld.cpp">
      <Filter>World\World</Filter>
    </ClCompile>
    <ClCompile Include="..\..\Src\Material.cpp">
      <Filter>Render\Material</Filter>
    </ClCompile>
    <ClCompile Include="..\..\Src\DeviceFactory.cpp">
      <Filter>Device\Common</Filter>
    </ClCompile>
    <ClCompile Include="..\..\Src\FileUtility.cpp">
      <Filter>Utility\File</Filter>
    </ClCompile>
    <ClCompile Include="..\..\Src\XMLParser.cpp">
      <Filter>Utility\File</Filter>
    </ClCompile>
    <ClCompile Include="..\..\Src\JsonParser.cpp">
      <Filter>Utility\File</Filter>
    </ClCompile>
    <ClCompile Include="..\..\Src\Light.cpp">
      <Filter>World\Light</Filter>
    </ClCompile>
    <ClCompile Include="..\..\Src\Level.cpp">
      <Filter>World\Level</Filter>
    </ClCompile>
    <ClCompile Include="..\..\Src\SceneObject.cpp">
      <Filter>World\SceneObject</Filter>
    </ClCompile>
    <ClCompile Include="..\..\Src\WorldFactory.cpp">
      <Filter>World\World</Filter>
    </ClCompile>
    <ClCompile Include="..\..\Src\WorldContext.cpp">
      <Filter>Render\Context</Filter>
    </ClCompile>
    <ClCompile Include="..\..\Src\RenderContext.cpp">
      <Filter>Render\Context</Filter>
    </ClCompile>
    <ClCompile Include="..\..\Src\LightContext.cpp">
      <Filter>Render\Context</Filter>
    </ClCompile>
    <ClCompile Include="..\..\Src\CameraContext.cpp">
      <Filter>Render\Context</Filter>
    </ClCompile>
    <ClCompile Include="..\..\Src\WorldRenderer.cpp">
      <Filter>Render\Renderer</Filter>
    </ClCompile>
    <ClCompile Include="..\..\Src\OpenGLIndexBuffer.cpp">
      <Filter>Device\OpenGL</Filter>
    </ClCompile>
    <ClCompile Include="..\..\Src\OpenGLVertexBuffer.cpp">
      <Filter>Device\OpenGL</Filter>
    </ClCompile>
    <ClCompile Include="..\..\Src\OpenGLCommon.cpp">
      <Filter>Device\OpenGL</Filter>
    </ClCompile>
    <ClCompile Include="..\..\Src\OpenGLVertexArray.cpp">
      <Filter>Device\OpenGL</Filter>
    </ClCompile>
    <ClCompile Include="..\..\Src\Transform.cpp">
      <Filter>World\Component</Filter>
    </ClCompile>
    <ClCompile Include="..\..\Src\MeshRenderer.cpp">
      <Filter>World\Component</Filter>
    </ClCompile>
    <ClCompile Include="..\..\Src\MeshFilter.cpp">
      <Filter>World\Component</Filter>
    </ClCompile>
    <ClCompile Include="..\..\Src\LogUtility.cpp">
      <Filter>Utility\Log</Filter>
    </ClCompile>
    <ClCompile Include="..\..\Src\TimeUtility.cpp">
      <Filter>Utility\Time</Filter>
    </ClCompile>
    <ClCompile Include="..\..\Src\CameraComponent.cpp">
      <Filter>World\Component</Filter>
    </ClCompile>
    <ClCompile Include="..\..\Src\LightComponent.cpp">
      <Filter>World\Component</Filter>
    </ClCompile>
  </ItemGroup>
  <ItemGroup>
    <ClInclude Include="..\..\Src\const.h">
      <Filter>Global</Filter>
    </ClInclude>
    <ClInclude Include="..\..\Src\log.h">
      <Filter>Utility\Log</Filter>
    </ClInclude>
    <ClInclude Include="..\..\Src\OpenGLDevice.h">
      <Filter>Device\OpenGL</Filter>
    </ClInclude>
    <ClInclude Include="..\..\Src\global.h">
      <Filter>Global</Filter>
    </ClInclude>
    <ClInclude Include="..\..\Src\Client.h">
      <Filter>Client</Filter>
    </ClInclude>
    <ClInclude Include="..\..\Src\IRenderer.h">
      <Filter>Render\Renderer</Filter>
    </ClInclude>
    <ClInclude Include="..\..\Src\RendererFactory.h">
      <Filter>Render\Renderer</Filter>
    </ClInclude>
    <ClInclude Include="..\..\Src\OpenGLProgram.h">
      <Filter>Device\OpenGL</Filter>
    </ClInclude>
    <ClInclude Include="..\..\Src\OpenGLTexture.h">
      <Filter>Device\OpenGL</Filter>
    </ClInclude>
    <ClInclude Include="..\..\Src\IMesh.h">
      <Filter>World\Mesh</Filter>
    </ClInclude>
    <ClInclude Include="..\..\Src\Mesh.h">
      <Filter>World\Mesh</Filter>
    </ClInclude>
    <ClInclude Include="..\..\Src\ICamera.h">
      <Filter>World\Camera</Filter>
    </ClInclude>
    <ClInclude Include="..\..\Src\Camera.h">
      <Filter>World\Camera</Filter>
    </ClInclude>
    <ClInclude Include="..\..\Src\IWorld.h">
      <Filter>World\World</Filter>
    </ClInclude>
    <ClInclude Include="..\..\Src\GameWorld.h">
      <Filter>World\World</Filter>
    </ClInclude>
    <ClInclude Include="..\..\Src\IMaterial.h">
      <Filter>Render\Material</Filter>
    </ClInclude>
    <ClInclude Include="..\..\Src\Material.h">
      <Filter>Render\Material</Filter>
    </ClInclude>
    <ClInclude Include="..\..\Src\DeviceFactory.h">
      <Filter>Device\Common</Filter>
    </ClInclude>
    <ClInclude Include="..\..\Src\IDevice.h">
      <Filter>Device\Common</Filter>
    </ClInclude>
    <ClInclude Include="..\..\Src\IProgram.h">
      <Filter>Device\Common</Filter>
    </ClInclude>
    <ClInclude Include="..\..\Src\ITexture.h">
      <Filter>Device\Common</Filter>
    </ClInclude>
    <ClInclude Include="..\..\Src\DeviceCommon.h">
      <Filter>Device\Common</Filter>
    </ClInclude>
    <ClInclude Include="..\..\Src\FileUtility.h">
      <Filter>Utility\File</Filter>
    </ClInclude>
    <ClInclude Include="..\..\Src\stb_image.h">
      <Filter>Utility\File</Filter>
    </ClInclude>
    <ClInclude Include="..\..\Src\XMLParser.h">
      <Filter>Utility\File</Filter>
    </ClInclude>
    <ClInclude Include="..\..\Src\JsonParser.h">
      <Filter>Utility\File</Filter>
    </ClInclude>
    <ClInclude Include="..\..\Src\ILight.h">
      <Filter>World\Light</Filter>
    </ClInclude>
    <ClInclude Include="..\..\Src\Light.h">
      <Filter>World\Light</Filter>
    </ClInclude>
    <ClInclude Include="..\..\Src\ILevel.h">
      <Filter>World\Level</Filter>
    </ClInclude>
    <ClInclude Include="..\..\Src\Level.h">
      <Filter>World\Level</Filter>
    </ClInclude>
    <ClInclude Include="..\..\Src\ISceneObject.h">
      <Filter>World\SceneObject</Filter>
    </ClInclude>
    <ClInclude Include="..\..\Src\SceneObject.h">
      <Filter>World\SceneObject</Filter>
    </ClInclude>
    <ClInclude Include="..\..\Src\IComponent.h">
      <Filter>World\Component</Filter>
    </ClInclude>
    <ClInclude Include="..\..\Src\ComponentCommon.h">
      <Filter>World\Component</Filter>
    </ClInclude>
    <ClInclude Include="..\..\Src\WorldFactory.h">
      <Filter>World\World</Filter>
    </ClInclude>
    <ClInclude Include="..\..\Src\WorldContext.h">
      <Filter>Render\Context</Filter>
    </ClInclude>
    <ClInclude Include="..\..\Src\RenderContext.h">
      <Filter>Render\Context</Filter>
    </ClInclude>
    <ClInclude Include="..\..\Src\LightContext.h">
      <Filter>Render\Context</Filter>
    </ClInclude>
    <ClInclude Include="..\..\Src\CameraContext.h">
      <Filter>Render\Context</Filter>
    </ClInclude>
    <ClInclude Include="..\..\Src\WorldRenderer.h">
      <Filter>Render\Renderer</Filter>
    </ClInclude>
    <ClInclude Include="..\..\Src\IIndexBuffer.h">
      <Filter>Device\Common</Filter>
    </ClInclude>
    <ClInclude Include="..\..\Src\IVertexBuffer.h">
      <Filter>Device\Common</Filter>
    </ClInclude>
    <ClInclude Include="..\..\Src\OpenGLIndexBuffer.h">
      <Filter>Device\OpenGL</Filter>
    </ClInclude>
    <ClInclude Include="..\..\Src\OpenGLVertexBuffer.h">
      <Filter>Device\OpenGL</Filter>
    </ClInclude>
    <ClInclude Include="..\..\Src\OpenGLCommon.h">
      <Filter>Device\OpenGL</Filter>
    </ClInclude>
    <ClInclude Include="..\..\Src\AttributeLayout.h">
      <Filter>Device\Common</Filter>
    </ClInclude>
    <ClInclude Include="..\..\Src\IVertexArray.h">
      <Filter>Device\Common</Filter>
    </ClInclude>
    <ClInclude Include="..\..\Src\OpenGLVertexArray.h">
      <Filter>Device\OpenGL</Filter>
    </ClInclude>
    <ClInclude Include="..\..\Src\Transform.h">
      <Filter>World\Component</Filter>
    </ClInclude>
    <ClInclude Include="..\..\Src\MeshRenderer.h">
      <Filter>World\Component</Filter>
    </ClInclude>
    <ClInclude Include="..\..\Src\MeshFilter.h">
      <Filter>World\Component</Filter>
    </ClInclude>
    <ClInclude Include="..\..\Src\LogUtility.h">
      <Filter>Utility\Log</Filter>
    </ClInclude>
    <ClInclude Include="..\..\Src\TimeUtility.h">
      <Filter>Utility\Time</Filter>
    </ClInclude>
    <ClInclude Include="..\..\Src\CameraComponent.h">
      <Filter>World\Component</Filter>
    </ClInclude>
    <ClInclude Include="..\..\Src\LightComponent.h">
      <Filter>World\Component</Filter>
    </ClInclude>
  </ItemGroup>
</Project>